
Microsoft Visual Studio Solution File, Format Version 12.00
# Visual Studio Version 17
VisualStudioVersion = 17.1.32228.430
MinimumVisualStudioVersion = 10.0.40219.1
Project("{FAE04EC0-301F-11D3-BF4B-00C04F79EFBC}") = "Lab_1_5", "Lab_1_5\Lab_1_5.csproj", "{1971FB9F-7549-4D86-ABBC-2CCAEF154A39}"
EndProject
Global
	GlobalSection(SolutionConfigurationPlatforms) = preSolution
		Debug|Any CPU = Debug|Any CPU
		Release|Any CPU = Release|Any CPU
	EndGlobalSection
	GlobalSection(ProjectConfigurationPlatforms) = postSolution
		{1971FB9F-7549-4D86-ABBC-2CCAEF154A39}.Debug|Any CPU.ActiveCfg = Debug|Any CPU
		{1971FB9F-7549-4D86-ABBC-2CCAEF154A39}.Debug|Any CPU.Build.0 = Debug|Any CPU
		{1971FB9F-7549-4D86-ABBC-2CCAEF154A39}.Release|Any CPU.ActiveCfg = Release|Any CPU
		{1971FB9F-7549-4D86-ABBC-2CCAEF154A39}.Release|Any CPU.Build.0 = Release|Any CPU
	EndGlobalSection
	GlobalSection(SolutionProperties) = preSolution
		HideSolutionNode = FALSE
	EndGlobalSection
	GlobalSection(ExtensibilityGlobals) = postSolution
		SolutionGuid = {99951B84-5908-4CF1-AC4C-FECE1C9FC017}
	EndGlobalSection
EndGlobal
